// !$*UTF8*$!
{
	archiveVersion = 1;
	classes = {
	};
	objectVersion = 48;
	objects = {

/* Begin PBXBuildFile section */
		A72E898E1F8CCF14008B8D87 /* APIClient.swift in Sources */ = {isa = PBXBuildFile; fileRef = A72E898D1F8CCF14008B8D87 /* APIClient.swift */; };
		A72E89911F8CD64E008B8D87 /* SessionClient.swift in Sources */ = {isa = PBXBuildFile; fileRef = A72E89901F8CD64E008B8D87 /* SessionClient.swift */; };
		A72E89931F8CD803008B8D87 /* Constants.swift in Sources */ = {isa = PBXBuildFile; fileRef = A72E89921F8CD803008B8D87 /* Constants.swift */; };
		A72E89981F8CE604008B8D87 /* Session.swift in Sources */ = {isa = PBXBuildFile; fileRef = A72E89971F8CE604008B8D87 /* Session.swift */; };
		A72E899B1F8CEBA4008B8D87 /* MemoryStorage.swift in Sources */ = {isa = PBXBuildFile; fileRef = A72E899A1F8CEBA4008B8D87 /* MemoryStorage.swift */; };
		A76B88881F8BCCEA004BFB84 /* AppDelegate.swift in Sources */ = {isa = PBXBuildFile; fileRef = A76B88871F8BCCEA004BFB84 /* AppDelegate.swift */; };
		A76B888A1F8BCCEA004BFB84 /* ViewController.swift in Sources */ = {isa = PBXBuildFile; fileRef = A76B88891F8BCCEA004BFB84 /* ViewController.swift */; };
		A76B888D1F8BCCEA004BFB84 /* Main.storyboard in Resources */ = {isa = PBXBuildFile; fileRef = A76B888B1F8BCCEA004BFB84 /* Main.storyboard */; };
		A76B888F1F8BCCEA004BFB84 /* Assets.xcassets in Resources */ = {isa = PBXBuildFile; fileRef = A76B888E1F8BCCEA004BFB84 /* Assets.xcassets */; };
		A76B88921F8BCCEA004BFB84 /* LaunchScreen.storyboard in Resources */ = {isa = PBXBuildFile; fileRef = A76B88901F8BCCEA004BFB84 /* LaunchScreen.storyboard */; };
/* End PBXBuildFile section */

/* Begin PBXFileReference section */
		A72E898D1F8CCF14008B8D87 /* APIClient.swift */ = {isa = PBXFileReference; lastKnownFileType = sourcecode.swift; path = APIClient.swift; sourceTree = "<group>"; };
		A72E89901F8CD64E008B8D87 /* SessionClient.swift */ = {isa = PBXFileReference; lastKnownFileType = sourcecode.swift; path = SessionClient.swift; sourceTree = "<group>"; };
		A72E89921F8CD803008B8D87 /* Constants.swift */ = {isa = PBXFileReference; lastKnownFileType = sourcecode.swift; path = Constants.swift; sourceTree = "<group>"; };
		A72E89971F8CE604008B8D87 /* Session.swift */ = {isa = PBXFileReference; lastKnownFileType = sourcecode.swift; path = Session.swift; sourceTree = "<group>"; };
		A72E899A1F8CEBA4008B8D87 /* MemoryStorage.swift */ = {isa = PBXFileReference; lastKnownFileType = sourcecode.swift; path = MemoryStorage.swift; sourceTree = "<group>"; };
		A76B88841F8BCCEA004BFB84 /* OnTheMap.app */ = {isa = PBXFileReference; explicitFileType = wrapper.application; includeInIndex = 0; path = OnTheMap.app; sourceTree = BUILT_PRODUCTS_DIR; };
		A76B88871F8BCCEA004BFB84 /* AppDelegate.swift */ = {isa = PBXFileReference; lastKnownFileType = sourcecode.swift; path = AppDelegate.swift; sourceTree = "<group>"; };
		A76B88891F8BCCEA004BFB84 /* ViewController.swift */ = {isa = PBXFileReference; lastKnownFileType = sourcecode.swift; path = ViewController.swift; sourceTree = "<group>"; };
		A76B888C1F8BCCEA004BFB84 /* Base */ = {isa = PBXFileReference; lastKnownFileType = file.storyboard; name = Base; path = Base.lproj/Main.storyboard; sourceTree = "<group>"; };
		A76B888E1F8BCCEA004BFB84 /* Assets.xcassets */ = {isa = PBXFileReference; lastKnownFileType = folder.assetcatalog; path = Assets.xcassets; sourceTree = "<group>"; };
		A76B88911F8BCCEA004BFB84 /* Base */ = {isa = PBXFileReference; lastKnownFileType = file.storyboard; name = Base; path = Base.lproj/LaunchScreen.storyboard; sourceTree = "<group>"; };
		A76B88931F8BCCEA004BFB84 /* Info.plist */ = {isa = PBXFileReference; lastKnownFileType = text.plist.xml; path = Info.plist; sourceTree = "<group>"; };
/* End PBXFileReference section */

/* Begin PBXFrameworksBuildPhase section */
		A76B88811F8BCCEA004BFB84 /* Frameworks */ = {
			isa = PBXFrameworksBuildPhase;
			buildActionMask = 2147483647;
			files = (
			);
			runOnlyForDeploymentPostprocessing = 0;
		};
/* End PBXFrameworksBuildPhase section */

/* Begin PBXGroup section */
		A72E898C1F8CCF02008B8D87 /* API */ = {
			isa = PBXGroup;
			children = (
				A72E898F1F8CD640008B8D87 /* Clients */,
				A72E89941F8CD80B008B8D87 /* Constants */,
				A72E898D1F8CCF14008B8D87 /* APIClient.swift */,
			);
			path = API;
			sourceTree = "<group>";
		};
		A72E898F1F8CD640008B8D87 /* Clients */ = {
			isa = PBXGroup;
			children = (
				A72E89901F8CD64E008B8D87 /* SessionClient.swift */,
			);
			path = Clients;
			sourceTree = "<group>";
		};
		A72E89941F8CD80B008B8D87 /* Constants */ = {
			isa = PBXGroup;
			children = (
				A72E89921F8CD803008B8D87 /* Constants.swift */,
			);
			path = Constants;
			sourceTree = "<group>";
		};
		A72E89961F8CE5D7008B8D87 /* Models */ = {
			isa = PBXGroup;
			children = (
				A72E89971F8CE604008B8D87 /* Session.swift */,
			);
			path = Models;
			sourceTree = "<group>";
		};
		A72E89991F8CEB97008B8D87 /* Storage */ = {
			isa = PBXGroup;
			children = (
				A72E899A1F8CEBA4008B8D87 /* MemoryStorage.swift */,
			);
			path = Storage;
			sourceTree = "<group>";
		};
		A76B887B1F8BCCEA004BFB84 = {
			isa = PBXGroup;
			children = (
				A76B88861F8BCCEA004BFB84 /* OnTheMap */,
				A76B88851F8BCCEA004BFB84 /* Products */,
			);
			sourceTree = "<group>";
		};
		A76B88851F8BCCEA004BFB84 /* Products */ = {
			isa = PBXGroup;
			children = (
				A76B88841F8BCCEA004BFB84 /* OnTheMap.app */,
			);
			name = Products;
			sourceTree = "<group>";
		};
		A76B88861F8BCCEA004BFB84 /* OnTheMap */ = {
			isa = PBXGroup;
			children = (
				A72E89991F8CEB97008B8D87 /* Storage */,
				A72E89961F8CE5D7008B8D87 /* Models */,
				A72E898C1F8CCF02008B8D87 /* API */,
				A76B88871F8BCCEA004BFB84 /* AppDelegate.swift */,
				A76B88891F8BCCEA004BFB84 /* ViewController.swift */,
				A76B888B1F8BCCEA004BFB84 /* Main.storyboard */,
				A76B888E1F8BCCEA004BFB84 /* Assets.xcassets */,
				A76B88901F8BCCEA004BFB84 /* LaunchScreen.storyboard */,
				A76B88931F8BCCEA004BFB84 /* Info.plist */,
			);
			path = OnTheMap;
			sourceTree = "<group>";
		};
/* End PBXGroup section */

/* Begin PBXNativeTarget section */
		A76B88831F8BCCEA004BFB84 /* OnTheMap */ = {
			isa = PBXNativeTarget;
			buildConfigurationList = A76B88961F8BCCEA004BFB84 /* Build configuration list for PBXNativeTarget "OnTheMap" */;
			buildPhases = (
				A76B88801F8BCCEA004BFB84 /* Sources */,
				A76B88811F8BCCEA004BFB84 /* Frameworks */,
				A76B88821F8BCCEA004BFB84 /* Resources */,
			);
			buildRules = (
			);
			dependencies = (
			);
			name = OnTheMap;
			productName = OnTheMap;
			productReference = A76B88841F8BCCEA004BFB84 /* OnTheMap.app */;
			productType = "com.apple.product-type.application";
		};
/* End PBXNativeTarget section */

/* Begin PBXProject section */
		A76B887C1F8BCCEA004BFB84 /* Project object */ = {
			isa = PBXProject;
			attributes = {
				LastSwiftUpdateCheck = 0900;
				LastUpgradeCheck = 0900;
				ORGANIZATIONNAME = "Leonardo Ferreira";
				TargetAttributes = {
					A76B88831F8BCCEA004BFB84 = {
						CreatedOnToolsVersion = 9.0;
						ProvisioningStyle = Automatic;
					};
				};
			};
			buildConfigurationList = A76B887F1F8BCCEA004BFB84 /* Build configuration list for PBXProject "OnTheMap" */;
			compatibilityVersion = "Xcode 8.0";
			developmentRegion = en;
			hasScannedForEncodings = 0;
			knownRegions = (
				en,
				Base,
			);
			mainGroup = A76B887B1F8BCCEA004BFB84;
			productRefGroup = A76B88851F8BCCEA004BFB84 /* Products */;
			projectDirPath = "";
			projectRoot = "";
			targets = (
				A76B88831F8BCCEA004BFB84 /* OnTheMap */,
			);
		};
/* End PBXProject section */

/* Begin PBXResourcesBuildPhase section */
		A76B88821F8BCCEA004BFB84 /* Resources */ = {
			isa = PBXResourcesBuildPhase;
			buildActionMask = 2147483647;
			files = (
				A76B88921F8BCCEA004BFB84 /* LaunchScreen.storyboard in Resources */,
				A76B888F1F8BCCEA004BFB84 /* Assets.xcassets in Resources */,
				A76B888D1F8BCCEA004BFB84 /* Main.storyboard in Resources */,
			);
			runOnlyForDeploymentPostprocessing = 0;
		};
/* End PBXResourcesBuildPhase section */

/* Begin PBXSourcesBuildPhase section */
		A76B88801F8BCCEA004BFB84 /* Sources */ = {
			isa = PBXSourcesBuildPhase;
			buildActionMask = 2147483647;
			files = (
				A72E89931F8CD803008B8D87 /* Constants.swift in Sources */,
				A72E899B1F8CEBA4008B8D87 /* MemoryStorage.swift in Sources */,
				A76B888A1F8BCCEA004BFB84 /* ViewController.swift in Sources */,
				A72E89981F8CE604008B8D87 /* Session.swift in Sources */,
				A72E89911F8CD64E008B8D87 /* SessionClient.swift in Sources */,
				A76B88881F8BCCEA004BFB84 /* AppDelegate.swift in Sources */,
				A72E898E1F8CCF14008B8D87 /* APIClient.swift in Sources */,
			);
			runOnlyForDeploymentPostprocessing = 0;
		};
/* End PBXSourcesBuildPhase section */

/* Begin PBXVariantGroup section */
		A76B888B1F8BCCEA004BFB84 /* Main.storyboard */ = {
			isa = PBXVariantGroup;
			children = (
				A76B888C1F8BCCEA004BFB84 /* Base */,
			);
			name = Main.storyboard;
			sourceTree = "<group>";
		};
		A76B88901F8BCCEA004BFB84 /* LaunchScreen.storyboard */ = {
			isa = PBXVariantGroup;
			children = (
				A76B88911F8BCCEA004BFB84 /* Base */,
			);
			name = LaunchScreen.storyboard;
			sourceTree = "<group>";
		};
/* End PBXVariantGroup section */

/* Begin XCBuildConfiguration section */
		A76B88941F8BCCEA004BFB84 /* Debug */ = {
			isa = XCBuildConfiguration;
			buildSettings = {
				ALWAYS_SEARCH_USER_PATHS = NO;
				CLANG_ANALYZER_NONNULL = YES;
				CLANG_ANALYZER_NUMBER_OBJECT_CONVERSION = YES_AGGRESSIVE;
				CLANG_CXX_LANGUAGE_STANDARD = "gnu++14";
				CLANG_CXX_LIBRARY = "libc++";
				CLANG_ENABLE_MODULES = YES;
				CLANG_ENABLE_OBJC_ARC = YES;
				CLANG_WARN_BLOCK_CAPTURE_AUTORELEASING = YES;
				CLANG_WARN_BOOL_CONVERSION = YES;
				CLANG_WARN_COMMA = YES;
				CLANG_WARN_CONSTANT_CONVERSION = YES;
				CLANG_WARN_DIRECT_OBJC_ISA_USAGE = YES_ERROR;
				CLANG_WARN_DOCUMENTATION_COMMENTS = YES;
				CLANG_WARN_EMPTY_BODY = YES;
				CLANG_WARN_ENUM_CONVERSION = YES;
				CLANG_WARN_INFINITE_RECURSION = YES;
				CLANG_WARN_INT_CONVERSION = YES;
				CLANG_WARN_NON_LITERAL_NULL_CONVERSION = YES;
				CLANG_WARN_OBJC_LITERAL_CONVERSION = YES;
				CLANG_WARN_OBJC_ROOT_CLASS = YES_ERROR;
				CLANG_WARN_RANGE_LOOP_ANALYSIS = YES;
				CLANG_WARN_STRICT_PROTOTYPES = YES;
				CLANG_WARN_SUSPICIOUS_MOVE = YES;
				CLANG_WARN_UNGUARDED_AVAILABILITY = YES_AGGRESSIVE;
				CLANG_WARN_UNREACHABLE_CODE = YES;
				CLANG_WARN__DUPLICATE_METHOD_MATCH = YES;
				CODE_SIGN_IDENTITY = "iPhone Developer";
				COPY_PHASE_STRIP = NO;
				DEBUG_INFORMATION_FORMAT = dwarf;
				ENABLE_STRICT_OBJC_MSGSEND = YES;
				ENABLE_TESTABILITY = YES;
				GCC_C_LANGUAGE_STANDARD = gnu11;
				GCC_DYNAMIC_NO_PIC = NO;
				GCC_NO_COMMON_BLOCKS = YES;
				GCC_OPTIMIZATION_LEVEL = 0;
				GCC_PREPROCESSOR_DEFINITIONS = (
					"DEBUG=1",
					"$(inherited)",
				);
				GCC_WARN_64_TO_32_BIT_CONVERSION = YES;
				GCC_WARN_ABOUT_RETURN_TYPE = YES_ERROR;
				GCC_WARN_UNDECLARED_SELECTOR = YES;
				GCC_WARN_UNINITIALIZED_AUTOS = YES_AGGRESSIVE;
				GCC_WARN_UNUSED_FUNCTION = YES;
				GCC_WARN_UNUSED_VARIABLE = YES;
				IPHONEOS_DEPLOYMENT_TARGET = 11.0;
				MTL_ENABLE_DEBUG_INFO = YES;
				ONLY_ACTIVE_ARCH = YES;
				SDKROOT = iphoneos;
				SWIFT_ACTIVE_COMPILATION_CONDITIONS = DEBUG;
				SWIFT_OPTIMIZATION_LEVEL = "-Onone";
			};
			name = Debug;
		};
		A76B88951F8BCCEA004BFB84 /* Release */ = {
			isa = XCBuildConfiguration;
			buildSettings = {
				ALWAYS_SEARCH_USER_PATHS = NO;
				CLANG_ANALYZER_NONNULL = YES;
				CLANG_ANALYZER_NUMBER_OBJECT_CONVERSION = YES_AGGRESSIVE;
				CLANG_CXX_LANGUAGE_STANDARD = "gnu++14";
				CLANG_CXX_LIBRARY = "libc++";
				CLANG_ENABLE_MODULES = YES;
				CLANG_ENABLE_OBJC_ARC = YES;
				CLANG_WARN_BLOCK_CAPTURE_AUTORELEASING = YES;
				CLANG_WARN_BOOL_CONVERSION = YES;
				CLANG_WARN_COMMA = YES;
				CLANG_WARN_CONSTANT_CONVERSION = YES;
				CLANG_WARN_DIRECT_OBJC_ISA_USAGE = YES_ERROR;
				CLANG_WARN_DOCUMENTATION_COMMENTS = YES;
				CLANG_WARN_EMPTY_BODY = YES;
				CLANG_WARN_ENUM_CONVERSION = YES;
				CLANG_WARN_INFINITE_RECURSION = YES;
				CLANG_WARN_INT_CONVERSION = YES;
				CLANG_WARN_NON_LITERAL_NULL_CONVERSION = YES;
				CLANG_WARN_OBJC_LITERAL_CONVERSION = YES;
				CLANG_WARN_OBJC_ROOT_CLASS = YES_ERROR;
				CLANG_WARN_RANGE_LOOP_ANALYSIS = YES;
				CLANG_WARN_STRICT_PROTOTYPES = YES;
				CLANG_WARN_SUSPICIOUS_MOVE = YES;
				CLANG_WARN_UNGUARDED_AVAILABILITY = YES_AGGRESSIVE;
				CLANG_WARN_UNREACHABLE_CODE = YES;
				CLANG_WARN__DUPLICATE_METHOD_MATCH = YES;
				CODE_SIGN_IDENTITY = "iPhone Developer";
				COPY_PHASE_STRIP = NO;
				DEBUG_INFORMATION_FORMAT = "dwarf-with-dsym";
				ENABLE_NS_ASSERTIONS = NO;
				ENABLE_STRICT_OBJC_MSGSEND = YES;
				GCC_C_LANGUAGE_STANDARD = gnu11;
				GCC_NO_COMMON_BLOCKS = YES;
				GCC_WARN_64_TO_32_BIT_CONVERSION = YES;
				GCC_WARN_ABOUT_RETURN_TYPE = YES_ERROR;
				GCC_WARN_UNDECLARED_SELECTOR = YES;
				GCC_WARN_UNINITIALIZED_AUTOS = YES_AGGRESSIVE;
				GCC_WARN_UNUSED_FUNCTION = YES;
				GCC_WARN_UNUSED_VARIABLE = YES;
				IPHONEOS_DEPLOYMENT_TARGET = 11.0;
				MTL_ENABLE_DEBUG_INFO = NO;
				SDKROOT = iphoneos;
				SWIFT_OPTIMIZATION_LEVEL = "-Owholemodule";
				VALIDATE_PRODUCT = YES;
			};
			name = Release;
		};
		A76B88971F8BCCEA004BFB84 /* Debug */ = {
			isa = XCBuildConfiguration;
			buildSettings = {
				ASSETCATALOG_COMPILER_APPICON_NAME = AppIcon;
				CODE_SIGN_STYLE = Automatic;
				INFOPLIST_FILE = OnTheMap/Info.plist;
				LD_RUNPATH_SEARCH_PATHS = "$(inherited) @executable_path/Frameworks";
				PRODUCT_BUNDLE_IDENTIFIER = com.leonardo.ferreira.OnTheMap;
				PRODUCT_NAME = "$(TARGET_NAME)";
				SWIFT_VERSION = 4.0;
				TARGETED_DEVICE_FAMILY = "1,2";
			};
			name = Debug;
		};
		A76B88981F8BCCEA004BFB84 /* Release */ = {
			isa = XCBuildConfiguration;
			buildSettings = {
				ASSETCATALOG_COMPILER_APPICON_NAME = AppIcon;
				CODE_SIGN_STYLE = Automatic;
				INFOPLIST_FILE = OnTheMap/Info.plist;
				LD_RUNPATH_SEARCH_PATHS = "$(inherited) @executable_path/Frameworks";
				PRODUCT_BUNDLE_IDENTIFIER = com.leonardo.ferreira.OnTheMap;
				PRODUCT_NAME = "$(TARGET_NAME)";
				SWIFT_VERSION = 4.0;
				TARGETED_DEVICE_FAMILY = "1,2";
			};
			name = Release;
		};
/* End XCBuildConfiguration section */

/* Begin XCConfigurationList section */
		A76B887F1F8BCCEA004BFB84 /* Build configuration list for PBXProject "OnTheMap" */ = {
			isa = XCConfigurationList;
			buildConfigurations = (
				A76B88941F8BCCEA004BFB84 /* Debug */,
				A76B88951F8BCCEA004BFB84 /* Release */,
			);
			defaultConfigurationIsVisible = 0;
			defaultConfigurationName = Release;
		};
		A76B88961F8BCCEA004BFB84 /* Build configuration list for PBXNativeTarget "OnTheMap" */ = {
			isa = XCConfigurationList;
			buildConfigurations = (
				A76B88971F8BCCEA004BFB84 /* Debug */,
				A76B88981F8BCCEA004BFB84 /* Release */,
			);
			defaultConfigurationIsVisible = 0;
			defaultConfigurationName = Release;
		};
/* End XCConfigurationList section */
	};
	rootObject = A76B887C1F8BCCEA004BFB84 /* Project object */;
}
